
Microsoft Visual Studio Solution File, Format Version 12.00
# Visual Studio Version 16
VisualStudioVersion = 16.0.29709.97
MinimumVisualStudioVersion = 10.0.40219.1
Project("{FAE04EC0-301F-11D3-BF4B-00C04F79EFBC}") = "WebAPIDemo", "WebAPIDemo\WebAPIDemo.csproj", "{D6A5BFE0-7E8D-44DA-B1AB-18FF22E88540}"
EndProject
Global
	GlobalSection(SolutionConfigurationPlatforms) = preSolution
		Debug|Any CPU = Debug|Any CPU
		Release|Any CPU = Release|Any CPU
	EndGlobalSection
	GlobalSection(ProjectConfigurationPlatforms) = postSolution
		{D6A5BFE0-7E8D-44DA-B1AB-18FF22E88540}.Debug|Any CPU.ActiveCfg = Debug|Any CPU
		{D6A5BFE0-7E8D-44DA-B1AB-18FF22E88540}.Debug|Any CPU.Build.0 = Debug|Any CPU
		{D6A5BFE0-7E8D-44DA-B1AB-18FF22E88540}.Release|Any CPU.ActiveCfg = Release|Any CPU
		{D6A5BFE0-7E8D-44DA-B1AB-18FF22E88540}.Release|Any CPU.Build.0 = Release|Any CPU
	EndGlobalSection
	GlobalSection(SolutionProperties) = preSolution
		HideSolutionNode = FALSE
	EndGlobalSection
	GlobalSection(ExtensibilityGlobals) = postSolution
		SolutionGuid = {2A2A231A-8179-4842-9EF7-BE156F2E76F2}
	EndGlobalSection
EndGlobal
